# This file is automatically @generated by Cargo.
# It is not intended for manual editing.
[[package]]
name = "bytes"
version = "1.10.0"
dependencies = [
 "loom 0.7.2 (registry+https://github.com/rust-lang/crates.io-index)",
 "portable-atomic 1.11.0 (registry+https://github.com/rust-lang/crates.io-index)",
 "serde 1.0.193 (registry+https://github.com/rust-lang/crates.io-index)",
 "serde_test 1.0.175 (registry+https://github.com/rust-lang/crates.io-index)",
]

[[package]]
name = "cfg-if"
version = "1.0.0"
source = "registry+https://github.com/rust-lang/crates.io-index"

[[package]]
name = "generator"
version = "0.8.2"
source = "registry+https://github.com/rust-lang/crates.io-index"
dependencies = [
 "cfg-if 1.0.0 (registry+https://github.com/rust-lang/crates.io-index)",
 "libc 0.2.163 (registry+https://github.com/rust-lang/crates.io-index)",
 "log 0.4.18 (registry+https://github.com/rust-lang/crates.io-index)",
 "rustversion 1.0.20 (registry+https://github.com/rust-lang/crates.io-index)",
 "windows 0.58.0 (registry+https://github.com/rust-lang/crates.io-index)",
]

[[package]]
name = "lazy_static"
version = "1.5.0"
source = "registry+https://github.com/rust-lang/crates.io-index"

[[package]]
name = "libc"
version = "0.2.163"
source = "registry+https://github.com/rust-lang/crates.io-index"

[[package]]
name = "log"
version = "0.4.18"
source = "registry+https://github.com/rust-lang/crates.io-index"

[[package]]
name = "loom"
version = "0.7.2"
source = "registry+https://github.com/rust-lang/crates.io-index"
dependencies = [
 "cfg-if 1.0.0 (registry+https://github.com/rust-lang/crates.io-index)",
 "generator 0.8.2 (registry+https://github.com/rust-lang/crates.io-index)",
 "scoped-tls 1.0.0 (registry+https://github.com/rust-lang/crates.io-index)",
 "tracing 0.1.41 (registry+https://github.com/rust-lang/crates.io-index)",
 "tracing-subscriber 0.3.19 (registry+https://github.com/rust-lang/crates.io-index)",
]

[[package]]
name = "matchers"
version = "0.1.0"
source = "registry+https://github.com/rust-lang/crates.io-index"
dependencies = [
 "regex-automata 0.1.10 (registry+https://github.com/rust-lang/crates.io-index)",
]

[[package]]
name = "nu-ansi-term"
version = "0.46.0"
source = "registry+https://github.com/rust-lang/crates.io-index"
dependencies = [
 "overload 0.1.1 (registry+https://github.com/rust-lang/crates.io-index)",
 "winapi 0.3.9 (registry+https://github.com/rust-lang/crates.io-index)",
]

[[package]]
name = "once_cell"
version = "1.14.0"
source = "registry+https://github.com/rust-lang/crates.io-index"

[[package]]
name = "overload"
version = "0.1.1"
source = "registry+https://github.com/rust-lang/crates.io-index"

[[package]]
name = "pin-project-lite"
version = "0.2.16"
source = "registry+https://github.com/rust-lang/crates.io-index"

[[package]]
name = "portable-atomic"
version = "1.11.0"
source = "registry+https://github.com/rust-lang/crates.io-index"

[[package]]
name = "proc-macro2"
version = "1.0.65"
source = "registry+https://github.com/rust-lang/crates.io-index"
dependencies = [
 "unicode-ident 1.0.18 (registry+https://github.com/rust-lang/crates.io-index)",
]

[[package]]
name = "quote"
version = "1.0.30"
source = "registry+https://github.com/rust-lang/crates.io-index"
dependencies = [
 "proc-macro2 1.0.65 (registry+https://github.com/rust-lang/crates.io-index)",
]

[[package]]
name = "regex"
version = "1.7.3"
source = "registry+https://github.com/rust-lang/crates.io-index"
dependencies = [
 "regex-syntax 0.6.29 (registry+https://github.com/rust-lang/crates.io-index)",
]

[[package]]
name = "regex-automata"
version = "0.1.10"
source = "registry+https://github.com/rust-lang/crates.io-index"
dependencies = [
 "regex-syntax 0.6.29 (registry+https://github.com/rust-lang/crates.io-index)",
]

[[package]]
name = "regex-syntax"
version = "0.6.29"
source = "registry+https://github.com/rust-lang/crates.io-index"

[[package]]
name = "rustversion"
version = "1.0.20"
source = "registry+https://github.com/rust-lang/crates.io-index"

[[package]]
name = "scoped-tls"
version = "1.0.0"
source = "registry+https://github.com/rust-lang/crates.io-index"

[[package]]
name = "serde"
version = "1.0.193"
source = "registry+https://github.com/rust-lang/crates.io-index"
dependencies = [
 "serde_derive 1.0.193 (registry+https://github.com/rust-lang/crates.io-index)",
]

[[package]]
name = "serde_derive"
version = "1.0.193"
source = "registry+https://github.com/rust-lang/crates.io-index"
dependencies = [
 "proc-macro2 1.0.65 (registry+https://github.com/rust-lang/crates.io-index)",
 "quote 1.0.30 (registry+https://github.com/rust-lang/crates.io-index)",
 "syn 2.0.32 (registry+https://github.com/rust-lang/crates.io-index)",
]

[[package]]
name = "serde_test"
version = "1.0.175"
source = "registry+https://github.com/rust-lang/crates.io-index"
dependencies = [
 "serde 1.0.193 (registry+https://github.com/rust-lang/crates.io-index)",
]

[[package]]
name = "sharded-slab"
version = "0.1.4"
source = "registry+https://github.com/rust-lang/crates.io-index"
dependencies = [
 "lazy_static 1.5.0 (registry+https://github.com/rust-lang/crates.io-index)",
]

[[package]]
name = "smallvec"
version = "1.14.0"
source = "registry+https://github.com/rust-lang/crates.io-index"

[[package]]
name = "syn"
version = "2.0.32"
source = "registry+https://github.com/rust-lang/crates.io-index"
dependencies = [
 "proc-macro2 1.0.65 (registry+https://github.com/rust-lang/crates.io-index)",
 "quote 1.0.30 (registry+https://github.com/rust-lang/crates.io-index)",
 "unicode-ident 1.0.18 (registry+https://github.com/rust-lang/crates.io-index)",
]

[[package]]
name = "thread_local"
version = "1.1.7"
source = "registry+https://github.com/rust-lang/crates.io-index"
dependencies = [
 "cfg-if 1.0.0 (registry+https://github.com/rust-lang/crates.io-index)",
 "once_cell 1.14.0 (registry+https://github.com/rust-lang/crates.io-index)",
]

[[package]]
name = "tracing"
version = "0.1.41"
source = "registry+https://github.com/rust-lang/crates.io-index"
dependencies = [
 "pin-project-lite 0.2.16 (registry+https://github.com/rust-lang/crates.io-index)",
 "tracing-core 0.1.33 (registry+https://github.com/rust-lang/crates.io-index)",
]

[[package]]
name = "tracing-core"
version = "0.1.33"
source = "registry+https://github.com/rust-lang/crates.io-index"
dependencies = [
 "once_cell 1.14.0 (registry+https://github.com/rust-lang/crates.io-index)",
 "valuable 0.1.1 (registry+https://github.com/rust-lang/crates.io-index)",
]

[[package]]
name = "tracing-log"
version = "0.2.0"
source = "registry+https://github.com/rust-lang/crates.io-index"
dependencies = [
 "log 0.4.18 (registry+https://github.com/rust-lang/crates.io-index)",
 "once_cell 1.14.0 (registry+https://github.com/rust-lang/crates.io-index)",
 "tracing-core 0.1.33 (registry+https://github.com/rust-lang/crates.io-index)",
]

[[package]]
name = "tracing-subscriber"
version = "0.3.19"
source = "registry+https://github.com/rust-lang/crates.io-index"
dependencies = [
 "matchers 0.1.0 (registry+https://github.com/rust-lang/crates.io-index)",
 "nu-ansi-term 0.46.0 (registry+https://github.com/rust-lang/crates.io-index)",
 "once_cell 1.14.0 (registry+https://github.com/rust-lang/crates.io-index)",
 "regex 1.7.3 (registry+https://github.com/rust-lang/crates.io-index)",
 "sharded-slab 0.1.4 (registry+https://github.com/rust-lang/crates.io-index)",
 "smallvec 1.14.0 (registry+https://github.com/rust-lang/crates.io-index)",
 "thread_local 1.1.7 (registry+https://github.com/rust-lang/crates.io-index)",
 "tracing 0.1.41 (registry+https://github.com/rust-lang/crates.io-index)",
 "tracing-core 0.1.33 (registry+https://github.com/rust-lang/crates.io-index)",
 "tracing-log 0.2.0 (registry+https://github.com/rust-lang/crates.io-index)",
]

[[package]]
name = "unicode-ident"
version = "1.0.18"
source = "registry+https://github.com/rust-lang/crates.io-index"

[[package]]
name = "valuable"
version = "0.1.1"
source = "registry+https://github.com/rust-lang/crates.io-index"

[[package]]
name = "winapi"
version = "0.3.9"
source = "registry+https://github.com/rust-lang/crates.io-index"
dependencies = [
 "winapi-i686-pc-windows-gnu 0.4.0 (registry+https://github.com/rust-lang/crates.io-index)",
 "winapi-x86_64-pc-windows-gnu 0.4.0 (registry+https://github.com/rust-lang/crates.io-index)",
]

[[package]]
name = "winapi-i686-pc-windows-gnu"
version = "0.4.0"
source = "registry+https://github.com/rust-lang/crates.io-index"

[[package]]
name = "winapi-x86_64-pc-windows-gnu"
version = "0.4.0"
source = "registry+https://github.com/rust-lang/crates.io-index"

[[package]]
name = "windows"
version = "0.58.0"
source = "registry+https://github.com/rust-lang/crates.io-index"
dependencies = [
 "windows-core 0.58.0 (registry+https://github.com/rust-lang/crates.io-index)",
 "windows-targets 0.52.6 (registry+https://github.com/rust-lang/crates.io-index)",
]

[[package]]
name = "windows-core"
version = "0.58.0"
source = "registry+https://github.com/rust-lang/crates.io-index"
dependencies = [
 "windows-implement 0.58.0 (registry+https://github.com/rust-lang/crates.io-index)",
 "windows-interface 0.58.0 (registry+https://github.com/rust-lang/crates.io-index)",
 "windows-result 0.2.0 (registry+https://github.com/rust-lang/crates.io-index)",
 "windows-strings 0.1.0 (registry+https://github.com/rust-lang/crates.io-index)",
 "windows-targets 0.52.6 (registry+https://github.com/rust-lang/crates.io-index)",
]

[[package]]
name = "windows-implement"
version = "0.58.0"
source = "registry+https://github.com/rust-lang/crates.io-index"
dependencies = [
 "proc-macro2 1.0.65 (registry+https://github.com/rust-lang/crates.io-index)",
 "quote 1.0.30 (registry+https://github.com/rust-lang/crates.io-index)",
 "syn 2.0.32 (registry+https://github.com/rust-lang/crates.io-index)",
]

[[package]]
name = "windows-interface"
version = "0.58.0"
source = "registry+https://github.com/rust-lang/crates.io-index"
dependencies = [
 "proc-macro2 1.0.65 (registry+https://github.com/rust-lang/crates.io-index)",
 "quote 1.0.30 (registry+https://github.com/rust-lang/crates.io-index)",
 "syn 2.0.32 (registry+https://github.com/rust-lang/crates.io-index)",
]

[[package]]
name = "windows-result"
version = "0.2.0"
source = "registry+https://github.com/rust-lang/crates.io-index"
dependencies = [
 "windows-targets 0.52.6 (registry+https://github.com/rust-lang/crates.io-index)",
]

[[package]]
name = "windows-strings"
version = "0.1.0"
source = "registry+https://github.com/rust-lang/crates.io-index"
dependencies = [
 "windows-result 0.2.0 (registry+https://github.com/rust-lang/crates.io-index)",
 "windows-targets 0.52.6 (registry+https://github.com/rust-lang/crates.io-index)",
]

[[package]]
name = "windows-targets"
version = "0.52.6"
source = "registry+https://github.com/rust-lang/crates.io-index"
dependencies = [
 "windows_aarch64_gnullvm 0.52.6 (registry+https://github.com/rust-lang/crates.io-index)",
 "windows_aarch64_msvc 0.52.6 (registry+https://github.com/rust-lang/crates.io-index)",
 "windows_i686_gnu 0.52.6 (registry+https://github.com/rust-lang/crates.io-index)",
 "windows_i686_gnullvm 0.52.6 (registry+https://github.com/rust-lang/crates.io-index)",
 "windows_i686_msvc 0.52.6 (registry+https://github.com/rust-lang/crates.io-index)",
 "windows_x86_64_gnu 0.52.6 (registry+https://github.com/rust-lang/crates.io-index)",
 "windows_x86_64_gnullvm 0.52.6 (registry+https://github.com/rust-lang/crates.io-index)",
 "windows_x86_64_msvc 0.52.6 (registry+https://github.com/rust-lang/crates.io-index)",
]

[[package]]
name = "windows_aarch64_gnullvm"
version = "0.52.6"
source = "registry+https://github.com/rust-lang/crates.io-index"

[[package]]
name = "windows_aarch64_msvc"
version = "0.52.6"
source = "registry+https://github.com/rust-lang/crates.io-index"

[[package]]
name = "windows_i686_gnu"
version = "0.52.6"
source = "registry+https://github.com/rust-lang/crates.io-index"

[[package]]
name = "windows_i686_gnullvm"
version = "0.52.6"
source = "registry+https://github.com/rust-lang/crates.io-index"

[[package]]
name = "windows_i686_msvc"
version = "0.52.6"
source = "registry+https://github.com/rust-lang/crates.io-index"

[[package]]
name = "windows_x86_64_gnu"
version = "0.52.6"
source = "registry+https://github.com/rust-lang/crates.io-index"

[[package]]
name = "windows_x86_64_gnullvm"
version = "0.52.6"
source = "registry+https://github.com/rust-lang/crates.io-index"

[[package]]
name = "windows_x86_64_msvc"
version = "0.52.6"
source = "registry+https://github.com/rust-lang/crates.io-index"

[metadata]
"checksum cfg-if 1.0.0 (registry+https://github.com/rust-lang/crates.io-index)" = "baf1de4339761588bc0619e3cbc0120ee582ebb74b53b4efbf79117bd2da40fd"
"checksum generator 0.8.2 (registry+https://github.com/rust-lang/crates.io-index)" = "979f00864edc7516466d6b3157706e06c032f22715700ddd878228a91d02bc56"
"checksum lazy_static 1.5.0 (registry+https://github.com/rust-lang/crates.io-index)" = "bbd2bcb4c963f2ddae06a2efc7e9f3591312473c50c6685e1f298068316e66fe"
"checksum libc 0.2.163 (registry+https://github.com/rust-lang/crates.io-index)" = "1fdaeca4cf44ed4ac623e86ef41f056e848dbeab7ec043ecb7326ba300b36fd0"
"checksum log 0.4.18 (registry+https://github.com/rust-lang/crates.io-index)" = "518ef76f2f87365916b142844c16d8fefd85039bc5699050210a7778ee1cd1de"
"checksum loom 0.7.2 (registry+https://github.com/rust-lang/crates.io-index)" = "419e0dc8046cb947daa77eb95ae174acfbddb7673b4151f56d1eed8e93fbfaca"
"checksum matchers 0.1.0 (registry+https://github.com/rust-lang/crates.io-index)" = "8263075bb86c5a1b1427b5ae862e8889656f126e9f77c484496e8b47cf5c5558"
"checksum nu-ansi-term 0.46.0 (registry+https://github.com/rust-lang/crates.io-index)" = "77a8165726e8236064dbb45459242600304b42a5ea24ee2948e18e023bf7ba84"
"checksum once_cell 1.14.0 (registry+https://github.com/rust-lang/crates.io-index)" = "2f7254b99e31cad77da24b08ebf628882739a608578bb1bcdfc1f9c21260d7c0"
"checksum overload 0.1.1 (registry+https://github.com/rust-lang/crates.io-index)" = "b15813163c1d831bf4a13c3610c05c0d03b39feb07f7e09fa234dac9b15aaf39"
"checksum pin-project-lite 0.2.16 (registry+https://github.com/rust-lang/crates.io-index)" = "3b3cff922bd51709b605d9ead9aa71031d81447142d828eb4a6eba76fe619f9b"
"checksum portable-atomic 1.11.0 (registry+https://github.com/rust-lang/crates.io-index)" = "350e9b48cbc6b0e028b0473b114454c6316e57336ee184ceab6e53f72c178b3e"
"checksum proc-macro2 1.0.65 (registry+https://github.com/rust-lang/crates.io-index)" = "92de25114670a878b1261c79c9f8f729fb97e95bac93f6312f583c60dd6a1dfe"
"checksum quote 1.0.30 (registry+https://github.com/rust-lang/crates.io-index)" = "5907a1b7c277254a8b15170f6e7c97cfa60ee7872a3217663bb81151e48184bb"
"checksum regex 1.7.3 (registry+https://github.com/rust-lang/crates.io-index)" = "8b1f693b24f6ac912f4893ef08244d70b6067480d2f1a46e950c9691e6749d1d"
"checksum regex-automata 0.1.10 (registry+https://github.com/rust-lang/crates.io-index)" = "6c230d73fb8d8c1b9c0b3135c5142a8acee3a0558fb8db5cf1cb65f8d7862132"
"checksum regex-syntax 0.6.29 (registry+https://github.com/rust-lang/crates.io-index)" = "f162c6dd7b008981e4d40210aca20b4bd0f9b60ca9271061b07f78537722f2e1"
"checksum rustversion 1.0.20 (registry+https://github.com/rust-lang/crates.io-index)" = "eded382c5f5f786b989652c49544c4877d9f015cc22e145a5ea8ea66c2921cd2"
"checksum scoped-tls 1.0.0 (registry+https://github.com/rust-lang/crates.io-index)" = "ea6a9290e3c9cf0f18145ef7ffa62d68ee0bf5fcd651017e586dc7fd5da448c2"
"checksum serde 1.0.193 (registry+https://github.com/rust-lang/crates.io-index)" = "25dd9975e68d0cb5aa1120c288333fc98731bd1dd12f561e468ea4728c042b89"
"checksum serde_derive 1.0.193 (registry+https://github.com/rust-lang/crates.io-index)" = "43576ca501357b9b071ac53cdc7da8ef0cbd9493d8df094cd821777ea6e894d3"
"checksum serde_test 1.0.175 (registry+https://github.com/rust-lang/crates.io-index)" = "29baf0f77ca9ad9c6ed46e1b408b5e0f30b5184bcd66884e7f6d36bd7a65a8a4"
"checksum sharded-slab 0.1.4 (registry+https://github.com/rust-lang/crates.io-index)" = "900fba806f70c630b0a382d0d825e17a0f19fcd059a2ade1ff237bcddf446b31"
"checksum smallvec 1.14.0 (registry+https://github.com/rust-lang/crates.io-index)" = "7fcf8323ef1faaee30a44a340193b1ac6814fd9b7b4e88e9d4519a3e4abe1cfd"
"checksum syn 2.0.32 (registry+https://github.com/rust-lang/crates.io-index)" = "239814284fd6f1a4ffe4ca893952cdd93c224b6a1571c9a9eadd670295c0c9e2"
"checksum thread_local 1.1.7 (registry+https://github.com/rust-lang/crates.io-index)" = "3fdd6f064ccff2d6567adcb3873ca630700f00b5ad3f060c25b5dcfd9a4ce152"
"checksum tracing 0.1.41 (registry+https://github.com/rust-lang/crates.io-index)" = "784e0ac535deb450455cbfa28a6f0df145ea1bb7ae51b821cf5e7927fdcfbdd0"
"checksum tracing-core 0.1.33 (registry+https://github.com/rust-lang/crates.io-index)" = "e672c95779cf947c5311f83787af4fa8fffd12fb27e4993211a84bdfd9610f9c"
"checksum tracing-log 0.2.0 (registry+https://github.com/rust-lang/crates.io-index)" = "ee855f1f400bd0e5c02d150ae5de3840039a3f54b025156404e34c23c03f47c3"
"checksum tracing-subscriber 0.3.19 (registry+https://github.com/rust-lang/crates.io-index)" = "e8189decb5ac0fa7bc8b96b7cb9b2701d60d48805aca84a238004d665fcc4008"
"checksum unicode-ident 1.0.18 (registry+https://github.com/rust-lang/crates.io-index)" = "5a5f39404a5da50712a4c1eecf25e90dd62b613502b7e925fd4e4d19b5c96512"
"checksum valuable 0.1.1 (registry+https://github.com/rust-lang/crates.io-index)" = "ba73ea9cf16a25df0c8caa16c51acb937d5712a8429db78a3ee29d5dcacd3a65"
"checksum winapi 0.3.9 (registry+https://github.com/rust-lang/crates.io-index)" = "5c839a674fcd7a98952e593242ea400abe93992746761e38641405d28b00f419"
"checksum winapi-i686-pc-windows-gnu 0.4.0 (registry+https://github.com/rust-lang/crates.io-index)" = "ac3b87c63620426dd9b991e5ce0329eff545bccbbb34f3be09ff6fb6ab51b7b6"
"checksum winapi-x86_64-pc-windows-gnu 0.4.0 (registry+https://github.com/rust-lang/crates.io-index)" = "712e227841d057c1ee1cd2fb22fa7e5a5461ae8e48fa2ca79ec42cfc1931183f"
"checksum windows 0.58.0 (registry+https://github.com/rust-lang/crates.io-index)" = "dd04d41d93c4992d421894c18c8b43496aa748dd4c081bac0dc93eb0489272b6"
"checksum windows-core 0.58.0 (registry+https://github.com/rust-lang/crates.io-index)" = "6ba6d44ec8c2591c134257ce647b7ea6b20335bf6379a27dac5f1641fcf59f99"
"checksum windows-implement 0.58.0 (registry+https://github.com/rust-lang/crates.io-index)" = "2bbd5b46c938e506ecbce286b6628a02171d56153ba733b6c741fc627ec9579b"
"checksum windows-interface 0.58.0 (registry+https://github.com/rust-lang/crates.io-index)" = "053c4c462dc91d3b1504c6fe5a726dd15e216ba718e84a0e46a88fbe5ded3515"
"checksum windows-result 0.2.0 (registry+https://github.com/rust-lang/crates.io-index)" = "1d1043d8214f791817bab27572aaa8af63732e11bf84aa21a45a78d6c317ae0e"
"checksum windows-strings 0.1.0 (registry+https://github.com/rust-lang/crates.io-index)" = "4cd9b125c486025df0eabcb585e62173c6c9eddcec5d117d3b6e8c30e2ee4d10"
"checksum windows-targets 0.52.6 (registry+https://github.com/rust-lang/crates.io-index)" = "9b724f72796e036ab90c1021d4780d4d3d648aca59e491e6b98e725b84e99973"
"checksum windows_aarch64_gnullvm 0.52.6 (registry+https://github.com/rust-lang/crates.io-index)" = "32a4622180e7a0ec044bb555404c800bc9fd9ec262ec147edd5989ccd0c02cd3"
"checksum windows_aarch64_msvc 0.52.6 (registry+https://github.com/rust-lang/crates.io-index)" = "09ec2a7bb152e2252b53fa7803150007879548bc709c039df7627cabbd05d469"
"checksum windows_i686_gnu 0.52.6 (registry+https://github.com/rust-lang/crates.io-index)" = "8e9b5ad5ab802e97eb8e295ac6720e509ee4c243f69d781394014ebfe8bbfa0b"
"checksum windows_i686_gnullvm 0.52.6 (registry+https://github.com/rust-lang/crates.io-index)" = "0eee52d38c090b3caa76c563b86c3a4bd71ef1a819287c19d586d7334ae8ed66"
"checksum windows_i686_msvc 0.52.6 (registry+https://github.com/rust-lang/crates.io-index)" = "240948bc05c5e7c6dabba28bf89d89ffce3e303022809e73deaefe4f6ec56c66"
"checksum windows_x86_64_gnu 0.52.6 (registry+https://github.com/rust-lang/crates.io-index)" = "147a5c80aabfbf0c7d901cb5895d1de30ef2907eb21fbbab29ca94c5b08b1a78"
"checksum windows_x86_64_gnullvm 0.52.6 (registry+https://github.com/rust-lang/crates.io-index)" = "24d5b23dc417412679681396f2b49f3de8c1473deb516bd34410872eff51ed0d"
"checksum windows_x86_64_msvc 0.52.6 (registry+https://github.com/rust-lang/crates.io-index)" = "589f6da84c646204747d1270a2a5661ea66ed1cced2631d546fdfb155959f9ec"
